
Microsoft Visual Studio Solution File, Format Version 12.00
# Visual Studio 14
VisualStudioVersion = 14.0.24720.0
MinimumVisualStudioVersion = 10.0.40219.1
Project("{2150E333-8FDC-42A3-9474-1A3956D46DE8}") = "src", "src", "{07AA8179-358F-4BCB-9FC0-9D8C70EBBFFE}"
EndProject
Project("{2150E333-8FDC-42A3-9474-1A3956D46DE8}") = "Solution Items", "Solution Items", "{8095B9A2-3059-4744-9275-F620211A5056}"
	ProjectSection(SolutionItems) = preProject
		global.json = global.json
	EndProjectSection
EndProject
Project("{8BB2217D-0F2D-49D1-97BC-3654ED321F3B}") = "Layout", "src\Layout\Layout.xproj", "{0495FAB8-57BC-4E29-96EC-58F728B7B855}"
EndProject
Global
	GlobalSection(SolutionConfigurationPlatforms) = preSolution
		Debug|Any CPU = Debug|Any CPU
		Release|Any CPU = Release|Any CPU
	EndGlobalSection
	GlobalSection(ProjectConfigurationPlatforms) = postSolution
		{0495FAB8-57BC-4E29-96EC-58F728B7B855}.Debug|Any CPU.ActiveCfg = Debug|Any CPU
		{0495FAB8-57BC-4E29-96EC-58F728B7B855}.Debug|Any CPU.Build.0 = Debug|Any CPU
		{0495FAB8-57BC-4E29-96EC-58F728B7B855}.Release|Any CPU.ActiveCfg = Release|Any CPU
		{0495FAB8-57BC-4E29-96EC-58F728B7B855}.Release|Any CPU.Build.0 = Release|Any CPU
	EndGlobalSection
	GlobalSection(SolutionProperties) = preSolution
		HideSolutionNode = FALSE
	EndGlobalSection
	GlobalSection(NestedProjects) = preSolution
		{0495FAB8-57BC-4E29-96EC-58F728B7B855} = {07AA8179-358F-4BCB-9FC0-9D8C70EBBFFE}
	EndGlobalSection
EndGlobal
